// !$*UTF8*$!
{
	archiveVersion = 1;
	classes = {
	};
	objectVersion = 50;
	objects = {

/* Begin PBXBuildFile section */
		7177C45521B13F4A00B9249B /* AppDelegate.swift in Sources */ = {isa = PBXBuildFile; fileRef = 7177C45421B13F4A00B9249B /* AppDelegate.swift */; };
		7177C45721B13F4A00B9249B /* ViewController.swift in Sources */ = {isa = PBXBuildFile; fileRef = 7177C45621B13F4A00B9249B /* ViewController.swift */; };
		7177C45A21B13F4A00B9249B /* Main.storyboard in Resources */ = {isa = PBXBuildFile; fileRef = 7177C45821B13F4A00B9249B /* Main.storyboard */; };
		7177C45C21B13F5100B9249B /* Assets.xcassets in Resources */ = {isa = PBXBuildFile; fileRef = 7177C45B21B13F5100B9249B /* Assets.xcassets */; };
		7177C45F21B13F5100B9249B /* LaunchScreen.storyboard in Resources */ = {isa = PBXBuildFile; fileRef = 7177C45D21B13F5100B9249B /* LaunchScreen.storyboard */; };
		7177C46A21B13F5200B9249B /* MyCookBookTests.swift in Sources */ = {isa = PBXBuildFile; fileRef = 7177C46921B13F5200B9249B /* MyCookBookTests.swift */; };
		7177C47521B13F5200B9249B /* MyCookBookUITests.swift in Sources */ = {isa = PBXBuildFile; fileRef = 7177C47421B13F5200B9249B /* MyCookBookUITests.swift */; };
		7177C48321B1416E00B9249B /* MealTableViewCell.swift in Sources */ = {isa = PBXBuildFile; fileRef = 7177C48221B1416E00B9249B /* MealTableViewCell.swift */; };
/* End PBXBuildFile section */

/* Begin PBXContainerItemProxy section */
		7177C46621B13F5200B9249B /* PBXContainerItemProxy */ = {
			isa = PBXContainerItemProxy;
			containerPortal = 7177C44921B13F4A00B9249B /* Project object */;
			proxyType = 1;
			remoteGlobalIDString = 7177C45021B13F4A00B9249B;
			remoteInfo = MyCookBook;
		};
		7177C47121B13F5200B9249B /* PBXContainerItemProxy */ = {
			isa = PBXContainerItemProxy;
			containerPortal = 7177C44921B13F4A00B9249B /* Project object */;
			proxyType = 1;
			remoteGlobalIDString = 7177C45021B13F4A00B9249B;
			remoteInfo = MyCookBook;
		};
/* End PBXContainerItemProxy section */

/* Begin PBXFileReference section */
		7177C45121B13F4A00B9249B /* MyCookBook.app */ = {isa = PBXFileReference; explicitFileType = wrapper.application; includeInIndex = 0; path = MyCookBook.app; sourceTree = BUILT_PRODUCTS_DIR; };
		7177C45421B13F4A00B9249B /* AppDelegate.swift */ = {isa = PBXFileReference; lastKnownFileType = sourcecode.swift; path = AppDelegate.swift; sourceTree = "<group>"; };
		7177C45621B13F4A00B9249B /* ViewController.swift */ = {isa = PBXFileReference; lastKnownFileType = sourcecode.swift; path = ViewController.swift; sourceTree = "<group>"; };
		7177C45921B13F4A00B9249B /* Base */ = {isa = PBXFileReference; lastKnownFileType = file.storyboard; name = Base; path = Base.lproj/Main.storyboard; sourceTree = "<group>"; };
		7177C45B21B13F5100B9249B /* Assets.xcassets */ = {isa = PBXFileReference; lastKnownFileType = folder.assetcatalog; path = Assets.xcassets; sourceTree = "<group>"; };
		7177C45E21B13F5100B9249B /* Base */ = {isa = PBXFileReference; lastKnownFileType = file.storyboard; name = Base; path = Base.lproj/LaunchScreen.storyboard; sourceTree = "<group>"; };
		7177C46021B13F5100B9249B /* Info.plist */ = {isa = PBXFileReference; lastKnownFileType = text.plist.xml; path = Info.plist; sourceTree = "<group>"; };
		7177C46521B13F5200B9249B /* MyCookBookTests.xctest */ = {isa = PBXFileReference; explicitFileType = wrapper.cfbundle; includeInIndex = 0; path = MyCookBookTests.xctest; sourceTree = BUILT_PRODUCTS_DIR; };
		7177C46921B13F5200B9249B /* MyCookBookTests.swift */ = {isa = PBXFileReference; lastKnownFileType = sourcecode.swift; path = MyCookBookTests.swift; sourceTree = "<group>"; };
		7177C46B21B13F5200B9249B /* Info.plist */ = {isa = PBXFileReference; lastKnownFileType = text.plist.xml; path = Info.plist; sourceTree = "<group>"; };
		7177C47021B13F5200B9249B /* MyCookBookUITests.xctest */ = {isa = PBXFileReference; explicitFileType = wrapper.cfbundle; includeInIndex = 0; path = MyCookBookUITests.xctest; sourceTree = BUILT_PRODUCTS_DIR; };
		7177C47421B13F5200B9249B /* MyCookBookUITests.swift */ = {isa = PBXFileReference; lastKnownFileType = sourcecode.swift; path = MyCookBookUITests.swift; sourceTree = "<group>"; };
		7177C47621B13F5200B9249B /* Info.plist */ = {isa = PBXFileReference; lastKnownFileType = text.plist.xml; path = Info.plist; sourceTree = "<group>"; };
		7177C48221B1416E00B9249B /* MealTableViewCell.swift */ = {isa = PBXFileReference; lastKnownFileType = sourcecode.swift; path = MealTableViewCell.swift; sourceTree = "<group>"; };
/* End PBXFileReference section */

/* Begin PBXFrameworksBuildPhase section */
		7177C44E21B13F4A00B9249B /* Frameworks */ = {
			isa = PBXFrameworksBuildPhase;
			buildActionMask = 2147483647;
			files = (
			);
			runOnlyForDeploymentPostprocessing = 0;
		};
		7177C46221B13F5200B9249B /* Frameworks */ = {
			isa = PBXFrameworksBuildPhase;
			buildActionMask = 2147483647;
			files = (
			);
			runOnlyForDeploymentPostprocessing = 0;
		};
		7177C46D21B13F5200B9249B /* Frameworks */ = {
			isa = PBXFrameworksBuildPhase;
			buildActionMask = 2147483647;
			files = (
			);
			runOnlyForDeploymentPostprocessing = 0;
		};
/* End PBXFrameworksBuildPhase section */

/* Begin PBXGroup section */
		7177C44821B13F4A00B9249B = {
			isa = PBXGroup;
			children = (
				7177C45321B13F4A00B9249B /* MyCookBook */,
				7177C46821B13F5200B9249B /* MyCookBookTests */,
				7177C47321B13F5200B9249B /* MyCookBookUITests */,
				7177C45221B13F4A00B9249B /* Products */,
			);
			sourceTree = "<group>";
		};
		7177C45221B13F4A00B9249B /* Products */ = {
			isa = PBXGroup;
			children = (
				7177C45121B13F4A00B9249B /* MyCookBook.app */,
				7177C46521B13F5200B9249B /* MyCookBookTests.xctest */,
				7177C47021B13F5200B9249B /* MyCookBookUITests.xctest */,
			);
			name = Products;
			sourceTree = "<group>";
		};
		7177C45321B13F4A00B9249B /* MyCookBook */ = {
			isa = PBXGroup;
			children = (
				7177C45421B13F4A00B9249B /* AppDelegate.swift */,
				7177C45621B13F4A00B9249B /* ViewController.swift */,
				7177C45821B13F4A00B9249B /* Main.storyboard */,
				7177C48221B1416E00B9249B /* MealTableViewCell.swift */,
				7177C45B21B13F5100B9249B /* Assets.xcassets */,
				7177C45D21B13F5100B9249B /* LaunchScreen.storyboard */,
				7177C46021B13F5100B9249B /* Info.plist */,
			);
			path = MyCookBook;
			sourceTree = "<group>";
		};
		7177C46821B13F5200B9249B /* MyCookBookTests */ = {
			isa = PBXGroup;
			children = (
				7177C46921B13F5200B9249B /* MyCookBookTests.swift */,
				7177C46B21B13F5200B9249B /* Info.plist */,
			);
			path = MyCookBookTests;
			sourceTree = "<group>";
		};
		7177C47321B13F5200B9249B /* MyCookBookUITests */ = {
			isa = PBXGroup;
			children = (
				7177C47421B13F5200B9249B /* MyCookBookUITests.swift */,
				7177C47621B13F5200B9249B /* Info.plist */,
			);
			path = MyCookBookUITests;
			sourceTree = "<group>";
		};
/* End PBXGroup section */

/* Begin PBXNativeTarget section */
		7177C45021B13F4A00B9249B /* MyCookBook */ = {
			isa = PBXNativeTarget;
			buildConfigurationList = 7177C47921B13F5200B9249B /* Build configuration list for PBXNativeTarget "MyCookBook" */;
			buildPhases = (
				7177C44D21B13F4A00B9249B /* Sources */,
				7177C44E21B13F4A00B9249B /* Frameworks */,
				7177C44F21B13F4A00B9249B /* Resources */,
			);
			buildRules = (
			);
			dependencies = (
			);
			name = MyCookBook;
			productName = MyCookBook;
			productReference = 7177C45121B13F4A00B9249B /* MyCookBook.app */;
			productType = "com.apple.product-type.application";
		};
		7177C46421B13F5200B9249B /* MyCookBookTests */ = {
			isa = PBXNativeTarget;
			buildConfigurationList = 7177C47C21B13F5200B9249B /* Build configuration list for PBXNativeTarget "MyCookBookTests" */;
			buildPhases = (
				7177C46121B13F5200B9249B /* Sources */,
				7177C46221B13F5200B9249B /* Frameworks */,
				7177C46321B13F5200B9249B /* Resources */,
			);
			buildRules = (
			);
			dependencies = (
				7177C46721B13F5200B9249B /* PBXTargetDependency */,
			);
			name = MyCookBookTests;
			productName = MyCookBookTests;
			productReference = 7177C46521B13F5200B9249B /* MyCookBookTests.xctest */;
			productType = "com.apple.product-type.bundle.unit-test";
		};
		7177C46F21B13F5200B9249B /* MyCookBookUITests */ = {
			isa = PBXNativeTarget;
			buildConfigurationList = 7177C47F21B13F5200B9249B /* Build configuration list for PBXNativeTarget "MyCookBookUITests" */;
			buildPhases = (
				7177C46C21B13F5200B9249B /* Sources */,
				7177C46D21B13F5200B9249B /* Frameworks */,
				7177C46E21B13F5200B9249B /* Resources */,
			);
			buildRules = (
			);
			dependencies = (
				7177C47221B13F5200B9249B /* PBXTargetDependency */,
			);
			name = MyCookBookUITests;
			productName = MyCookBookUITests;
			productReference = 7177C47021B13F5200B9249B /* MyCookBookUITests.xctest */;
			productType = "com.apple.product-type.bundle.ui-testing";
		};
/* End PBXNativeTarget section */

/* Begin PBXProject section */
		7177C44921B13F4A00B9249B /* Project object */ = {
			isa = PBXProject;
			attributes = {
				LastSwiftUpdateCheck = 1010;
				LastUpgradeCheck = 1010;
				ORGANIZATIONNAME = Antoine;
				TargetAttributes = {
					7177C45021B13F4A00B9249B = {
						CreatedOnToolsVersion = 10.1;
					};
					7177C46421B13F5200B9249B = {
						CreatedOnToolsVersion = 10.1;
						TestTargetID = 7177C45021B13F4A00B9249B;
					};
					7177C46F21B13F5200B9249B = {
						CreatedOnToolsVersion = 10.1;
						TestTargetID = 7177C45021B13F4A00B9249B;
					};
				};
			};
			buildConfigurationList = 7177C44C21B13F4A00B9249B /* Build configuration list for PBXProject "MyCookBook" */;
			compatibilityVersion = "Xcode 9.3";
			developmentRegion = en;
			hasScannedForEncodings = 0;
			knownRegions = (
				en,
				Base,
			);
			mainGroup = 7177C44821B13F4A00B9249B;
			productRefGroup = 7177C45221B13F4A00B9249B /* Products */;
			projectDirPath = "";
			projectRoot = "";
			targets = (
				7177C45021B13F4A00B9249B /* MyCookBook */,
				7177C46421B13F5200B9249B /* MyCookBookTests */,
				7177C46F21B13F5200B9249B /* MyCookBookUITests */,
			);
		};
/* End PBXProject section */

/* Begin PBXResourcesBuildPhase section */
		7177C44F21B13F4A00B9249B /* Resources */ = {
			isa = PBXResourcesBuildPhase;
			buildActionMask = 2147483647;
			files = (
				7177C45F21B13F5100B9249B /* LaunchScreen.storyboard in Resources */,
				7177C45C21B13F5100B9249B /* Assets.xcassets in Resources */,
				7177C45A21B13F4A00B9249B /* Main.storyboard in Resources */,
			);
			runOnlyForDeploymentPostprocessing = 0;
		};
		7177C46321B13F5200B9249B /* Resources */ = {
			isa = PBXResourcesBuildPhase;
			buildActionMask = 2147483647;
			files = (
			);
			runOnlyForDeploymentPostprocessing = 0;
		};
		7177C46E21B13F5200B9249B /* Resources */ = {
			isa = PBXResourcesBuildPhase;
			buildActionMask = 2147483647;
			files = (
			);
			runOnlyForDeploymentPostprocessing = 0;
		};
/* End PBXResourcesBuildPhase section */

/* Begin PBXSourcesBuildPhase section */
		7177C44D21B13F4A00B9249B /* Sources */ = {
			isa = PBXSourcesBuildPhase;
			buildActionMask = 2147483647;
			files = (
				7177C45721B13F4A00B9249B /* ViewController.swift in Sources */,
				7177C45521B13F4A00B9249B /* AppDelegate.swift in Sources */,
				7177C48321B1416E00B9249B /* MealTableViewCell.swift in Sources */,
			);
			runOnlyForDeploymentPostprocessing = 0;
		};
		7177C46121B13F5200B9249B /* Sources */ = {
			isa = PBXSourcesBuildPhase;
			buildActionMask = 2147483647;
			files = (
				7177C46A21B13F5200B9249B /* MyCookBookTests.swift in Sources */,
			);
			runOnlyForDeploymentPostprocessing = 0;
		};
		7177C46C21B13F5200B9249B /* Sources */ = {
			isa = PBXSourcesBuildPhase;
			buildActionMask = 2147483647;
			files = (
				7177C47521B13F5200B9249B /* MyCookBookUITests.swift in Sources */,
			);
			runOnlyForDeploymentPostprocessing = 0;
		};
/* End PBXSourcesBuildPhase section */

/* Begin PBXTargetDependency section */
		7177C46721B13F5200B9249B /* PBXTargetDependency */ = {
			isa = PBXTargetDependency;
			target = 7177C45021B13F4A00B9249B /* MyCookBook */;
			targetProxy = 7177C46621B13F5200B9249B /* PBXContainerItemProxy */;
		};
		7177C47221B13F5200B9249B /* PBXTargetDependency */ = {
			isa = PBXTargetDependency;
			target = 7177C45021B13F4A00B9249B /* MyCookBook */;
			targetProxy = 7177C47121B13F5200B9249B /* PBXContainerItemProxy */;
		};
/* End PBXTargetDependency section */

/* Begin PBXVariantGroup section */
		7177C45821B13F4A00B9249B /* Main.storyboard */ = {
			isa = PBXVariantGroup;
			children = (
				7177C45921B13F4A00B9249B /* Base */,
			);
			name = Main.storyboard;
			sourceTree = "<group>";
		};
		7177C45D21B13F5100B9249B /* LaunchScreen.storyboard */ = {
			isa = PBXVariantGroup;
			children = (
				7177C45E21B13F5100B9249B /* Base */,
			);
			name = LaunchScreen.storyboard;
			sourceTree = "<group>";
		};
/* End PBXVariantGroup section */

/* Begin XCBuildConfiguration section */
		7177C47721B13F5200B9249B /* Debug */ = {
			isa = XCBuildConfiguration;
			buildSettings = {
				ALWAYS_SEARCH_USER_PATHS = NO;
				CLANG_ANALYZER_NONNULL = YES;
				CLANG_ANALYZER_NUMBER_OBJECT_CONVERSION = YES_AGGRESSIVE;
				CLANG_CXX_LANGUAGE_STANDARD = "gnu++14";
				CLANG_CXX_LIBRARY = "libc++";
				CLANG_ENABLE_MODULES = YES;
				CLANG_ENABLE_OBJC_ARC = YES;
				CLANG_ENABLE_OBJC_WEAK = YES;
				CLANG_WARN_BLOCK_CAPTURE_AUTORELEASING = YES;
				CLANG_WARN_BOOL_CONVERSION = YES;
				CLANG_WARN_COMMA = YES;
				CLANG_WARN_CONSTANT_CONVERSION = YES;
				CLANG_WARN_DEPRECATED_OBJC_IMPLEMENTATIONS = YES;
				CLANG_WARN_DIRECT_OBJC_ISA_USAGE = YES_ERROR;
				CLANG_WARN_DOCUMENTATION_COMMENTS = YES;
				CLANG_WARN_EMPTY_BODY = YES;
				CLANG_WARN_ENUM_CONVERSION = YES;
				CLANG_WARN_INFINITE_RECURSION = YES;
				CLANG_WARN_INT_CONVERSION = YES;
				CLANG_WARN_NON_LITERAL_NULL_CONVERSION = YES;
				CLANG_WARN_OBJC_IMPLICIT_RETAIN_SELF = YES;
				CLANG_WARN_OBJC_LITERAL_CONVERSION = YES;
				CLANG_WARN_OBJC_ROOT_CLASS = YES_ERROR;
				CLANG_WARN_RANGE_LOOP_ANALYSIS = YES;
				CLANG_WARN_STRICT_PROTOTYPES = YES;
				CLANG_WARN_SUSPICIOUS_MOVE = YES;
				CLANG_WARN_UNGUARDED_AVAILABILITY = YES_AGGRESSIVE;
				CLANG_WARN_UNREACHABLE_CODE = YES;
				CLANG_WARN__DUPLICATE_METHOD_MATCH = YES;
				CODE_SIGN_IDENTITY = "iPhone Developer";
				COPY_PHASE_STRIP = NO;
				DEBUG_INFORMATION_FORMAT = dwarf;
				ENABLE_STRICT_OBJC_MSGSEND = YES;
				ENABLE_TESTABILITY = YES;
				GCC_C_LANGUAGE_STANDARD = gnu11;
				GCC_DYNAMIC_NO_PIC = NO;
				GCC_NO_COMMON_BLOCKS = YES;
				GCC_OPTIMIZATION_LEVEL = 0;
				GCC_PREPROCESSOR_DEFINITIONS = (
					"DEBUG=1",
					"$(inherited)",
				);
				GCC_WARN_64_TO_32_BIT_CONVERSION = YES;
				GCC_WARN_ABOUT_RETURN_TYPE = YES_ERROR;
				GCC_WARN_UNDECLARED_SELECTOR = YES;
				GCC_WARN_UNINITIALIZED_AUTOS = YES_AGGRESSIVE;
				GCC_WARN_UNUSED_FUNCTION = YES;
				GCC_WARN_UNUSED_VARIABLE = YES;
				IPHONEOS_DEPLOYMENT_TARGET = 12.1;
				MTL_ENABLE_DEBUG_INFO = INCLUDE_SOURCE;
				MTL_FAST_MATH = YES;
				ONLY_ACTIVE_ARCH = YES;
				SDKROOT = iphoneos;
				SWIFT_ACTIVE_COMPILATION_CONDITIONS = DEBUG;
				SWIFT_OPTIMIZATION_LEVEL = "-Onone";
			};
			name = Debug;
		};
		7177C47821B13F5200B9249B /* Release */ = {
			isa = XCBuildConfiguration;
			buildSettings = {
				ALWAYS_SEARCH_USER_PATHS = NO;
				CLANG_ANALYZER_NONNULL = YES;
				CLANG_ANALYZER_NUMBER_OBJECT_CONVERSION = YES_AGGRESSIVE;
				CLANG_CXX_LANGUAGE_STANDARD = "gnu++14";
				CLANG_CXX_LIBRARY = "libc++";
				CLANG_ENABLE_MODULES = YES;
				CLANG_ENABLE_OBJC_ARC = YES;
				CLANG_ENABLE_OBJC_WEAK = YES;
				CLANG_WARN_BLOCK_CAPTURE_AUTORELEASING = YES;
				CLANG_WARN_BOOL_CONVERSION = YES;
				CLANG_WARN_COMMA = YES;
				CLANG_WARN_CONSTANT_CONVERSION = YES;
				CLANG_WARN_DEPRECATED_OBJC_IMPLEMENTATIONS = YES;
				CLANG_WARN_DIRECT_OBJC_ISA_USAGE = YES_ERROR;
				CLANG_WARN_DOCUMENTATION_COMMENTS = YES;
				CLANG_WARN_EMPTY_BODY = YES;
				CLANG_WARN_ENUM_CONVERSION = YES;
				CLANG_WARN_INFINITE_RECURSION = YES;
				CLANG_WARN_INT_CONVERSION = YES;
				CLANG_WARN_NON_LITERAL_NULL_CONVERSION = YES;
				CLANG_WARN_OBJC_IMPLICIT_RETAIN_SELF = YES;
				CLANG_WARN_OBJC_LITERAL_CONVERSION = YES;
				CLANG_WARN_OBJC_ROOT_CLASS = YES_ERROR;
				CLANG_WARN_RANGE_LOOP_ANALYSIS = YES;
				CLANG_WARN_STRICT_PROTOTYPES = YES;
				CLANG_WARN_SUSPICIOUS_MOVE = YES;
				CLANG_WARN_UNGUARDED_AVAILABILITY = YES_AGGRESSIVE;
				CLANG_WARN_UNREACHABLE_CODE = YES;
				CLANG_WARN__DUPLICATE_METHOD_MATCH = YES;
				CODE_SIGN_IDENTITY = "iPhone Developer";
				COPY_PHASE_STRIP = NO;
				DEBUG_INFORMATION_FORMAT = "dwarf-with-dsym";
				ENABLE_NS_ASSERTIONS = NO;
				ENABLE_STRICT_OBJC_MSGSEND = YES;
				GCC_C_LANGUAGE_STANDARD = gnu11;
				GCC_NO_COMMON_BLOCKS = YES;
				GCC_WARN_64_TO_32_BIT_CONVERSION = YES;
				GCC_WARN_ABOUT_RETURN_TYPE = YES_ERROR;
				GCC_WARN_UNDECLARED_SELECTOR = YES;
				GCC_WARN_UNINITIALIZED_AUTOS = YES_AGGRESSIVE;
				GCC_WARN_UNUSED_FUNCTION = YES;
				GCC_WARN_UNUSED_VARIABLE = YES;
				IPHONEOS_DEPLOYMENT_TARGET = 12.1;
				MTL_ENABLE_DEBUG_INFO = NO;
				MTL_FAST_MATH = YES;
				SDKROOT = iphoneos;
				SWIFT_COMPILATION_MODE = wholemodule;
				SWIFT_OPTIMIZATION_LEVEL = "-O";
				VALIDATE_PRODUCT = YES;
			};
			name = Release;
		};
		7177C47A21B13F5200B9249B /* Debug */ = {
			isa = XCBuildConfiguration;
			buildSettings = {
				ASSETCATALOG_COMPILER_APPICON_NAME = AppIcon;
				CODE_SIGN_STYLE = Automatic;
				INFOPLIST_FILE = MyCookBook/Info.plist;
				LD_RUNPATH_SEARCH_PATHS = (
					"$(inherited)",
					"@executable_path/Frameworks",
				);
				PRODUCT_BUNDLE_IDENTIFIER = antoine.MyCookBook;
				PRODUCT_NAME = "$(TARGET_NAME)";
				SWIFT_VERSION = 4.2;
				TARGETED_DEVICE_FAMILY = "1,2";
			};
			name = Debug;
		};
		7177C47B21B13F5200B9249B /* Release */ = {
			isa = XCBuildConfiguration;
			buildSettings = {
				ASSETCATALOG_COMPILER_APPICON_NAME = AppIcon;
				CODE_SIGN_STYLE = Automatic;
				INFOPLIST_FILE = MyCookBook/Info.plist;
				LD_RUNPATH_SEARCH_PATHS = (
					"$(inherited)",
					"@executable_path/Frameworks",
				);
				PRODUCT_BUNDLE_IDENTIFIER = antoine.MyCookBook;
				PRODUCT_NAME = "$(TARGET_NAME)";
				SWIFT_VERSION = 4.2;
				TARGETED_DEVICE_FAMILY = "1,2";
			};
			name = Release;
		};
		7177C47D21B13F5200B9249B /* Debug */ = {
			isa = XCBuildConfiguration;
			buildSettings = {
				ALWAYS_EMBED_SWIFT_STANDARD_LIBRARIES = YES;
				BUNDLE_LOADER = "$(TEST_HOST)";
				CODE_SIGN_STYLE = Automatic;
				INFOPLIST_FILE = MyCookBookTests/Info.plist;
				LD_RUNPATH_SEARCH_PATHS = (
					"$(inherited)",
					"@executable_path/Frameworks",
					"@loader_path/Frameworks",
				);
				PRODUCT_BUNDLE_IDENTIFIER = antoine.MyCookBookTests;
				PRODUCT_NAME = "$(TARGET_NAME)";
				SWIFT_VERSION = 4.2;
				TARGETED_DEVICE_FAMILY = "1,2";
				TEST_HOST = "$(BUILT_PRODUCTS_DIR)/MyCookBook.app/MyCookBook";
			};
			name = Debug;
		};
		7177C47E21B13F5200B9249B /* Release */ = {
			isa = XCBuildConfiguration;
			buildSettings = {
				ALWAYS_EMBED_SWIFT_STANDARD_LIBRARIES = YES;
				BUNDLE_LOADER = "$(TEST_HOST)";
				CODE_SIGN_STYLE = Automatic;
				INFOPLIST_FILE = MyCookBookTests/Info.plist;
				LD_RUNPATH_SEARCH_PATHS = (
					"$(inherited)",
					"@executable_path/Frameworks",
					"@loader_path/Frameworks",
				);
				PRODUCT_BUNDLE_IDENTIFIER = antoine.MyCookBookTests;
				PRODUCT_NAME = "$(TARGET_NAME)";
				SWIFT_VERSION = 4.2;
				TARGETED_DEVICE_FAMILY = "1,2";
				TEST_HOST = "$(BUILT_PRODUCTS_DIR)/MyCookBook.app/MyCookBook";
			};
			name = Release;
		};
		7177C48021B13F5200B9249B /* Debug */ = {
			isa = XCBuildConfiguration;
			buildSettings = {
				ALWAYS_EMBED_SWIFT_STANDARD_LIBRARIES = YES;
				CODE_SIGN_STYLE = Automatic;
				INFOPLIST_FILE = MyCookBookUITests/Info.plist;
				LD_RUNPATH_SEARCH_PATHS = (
					"$(inherited)",
					"@executable_path/Frameworks",
					"@loader_path/Frameworks",
				);
				PRODUCT_BUNDLE_IDENTIFIER = antoine.MyCookBookUITests;
				PRODUCT_NAME = "$(TARGET_NAME)";
				SWIFT_VERSION = 4.2;
				TARGETED_DEVICE_FAMILY = "1,2";
				TEST_TARGET_NAME = MyCookBook;
			};
			name = Debug;
		};
		7177C48121B13F5200B9249B /* Release */ = {
			isa = XCBuildConfiguration;
			buildSettings = {
				ALWAYS_EMBED_SWIFT_STANDARD_LIBRARIES = YES;
				CODE_SIGN_STYLE = Automatic;
				INFOPLIST_FILE = MyCookBookUITests/Info.plist;
				LD_RUNPATH_SEARCH_PATHS = (
					"$(inherited)",
					"@executable_path/Frameworks",
					"@loader_path/Frameworks",
				);
				PRODUCT_BUNDLE_IDENTIFIER = antoine.MyCookBookUITests;
				PRODUCT_NAME = "$(TARGET_NAME)";
				SWIFT_VERSION = 4.2;
				TARGETED_DEVICE_FAMILY = "1,2";
				TEST_TARGET_NAME = MyCookBook;
			};
			name = Release;
		};
/* End XCBuildConfiguration section */

/* Begin XCConfigurationList section */
		7177C44C21B13F4A00B9249B /* Build configuration list for PBXProject "MyCookBook" */ = {
			isa = XCConfigurationList;
			buildConfigurations = (
				7177C47721B13F5200B9249B /* Debug */,
				7177C47821B13F5200B9249B /* Release */,
			);
			defaultConfigurationIsVisible = 0;
			defaultConfigurationName = Release;
		};
		7177C47921B13F5200B9249B /* Build configuration list for PBXNativeTarget "MyCookBook" */ = {
			isa = XCConfigurationList;
			buildConfigurations = (
				7177C47A21B13F5200B9249B /* Debug */,
				7177C47B21B13F5200B9249B /* Release */,
			);
			defaultConfigurationIsVisible = 0;
			defaultConfigurationName = Release;
		};
		7177C47C21B13F5200B9249B /* Build configuration list for PBXNativeTarget "MyCookBookTests" */ = {
			isa = XCConfigurationList;
			buildConfigurations = (
				7177C47D21B13F5200B9249B /* Debug */,
				7177C47E21B13F5200B9249B /* Release */,
			);
			defaultConfigurationIsVisible = 0;
			defaultConfigurationName = Release;
		};
		7177C47F21B13F5200B9249B /* Build configuration list for PBXNativeTarget "MyCookBookUITests" */ = {
			isa = XCConfigurationList;
			buildConfigurations = (
				7177C48021B13F5200B9249B /* Debug */,
				7177C48121B13F5200B9249B /* Release */,
			);
			defaultConfigurationIsVisible = 0;
			defaultConfigurationName = Release;
		};
/* End XCConfigurationList section */
	};
	rootObject = 7177C44921B13F4A00B9249B /* Project object */;
}
